
Microsoft Visual Studio Solution File, Format Version 12.00
# Visual Studio 15
VisualStudioVersion = 15.0.28307.1062
MinimumVisualStudioVersion = 10.0.40219.1
Project("{9A19103F-16F7-4668-BE54-9A1E7A4F7556}") = "WorkingWithVisualStudio", "WorkingWithVisualStudio\WorkingWithVisualStudio.csproj", "{8D66320A-6DCB-4E67-A982-384171A3172F}"
EndProject
Project("{FAE04EC0-301F-11D3-BF4B-00C04F79EFBC}") = "WorkingWithVisualStudion.Tests", "WorkingWithVisualStudion.Tests\WorkingWithVisualStudion.Tests.csproj", "{EE0CAC1B-1288-4751-A219-C83EC4A697FC}"
EndProject
Global
	GlobalSection(SolutionConfigurationPlatforms) = preSolution
		Debug|Any CPU = Debug|Any CPU
		Release|Any CPU = Release|Any CPU
	EndGlobalSection
	GlobalSection(ProjectConfigurationPlatforms) = postSolution
		{8D66320A-6DCB-4E67-A982-384171A3172F}.Debug|Any CPU.ActiveCfg = Debug|Any CPU
		{8D66320A-6DCB-4E67-A982-384171A3172F}.Debug|Any CPU.Build.0 = Debug|Any CPU
		{8D66320A-6DCB-4E67-A982-384171A3172F}.Release|Any CPU.ActiveCfg = Release|Any CPU
		{8D66320A-6DCB-4E67-A982-384171A3172F}.Release|Any CPU.Build.0 = Release|Any CPU
		{EE0CAC1B-1288-4751-A219-C83EC4A697FC}.Debug|Any CPU.ActiveCfg = Debug|Any CPU
		{EE0CAC1B-1288-4751-A219-C83EC4A697FC}.Debug|Any CPU.Build.0 = Debug|Any CPU
		{EE0CAC1B-1288-4751-A219-C83EC4A697FC}.Release|Any CPU.ActiveCfg = Release|Any CPU
		{EE0CAC1B-1288-4751-A219-C83EC4A697FC}.Release|Any CPU.Build.0 = Release|Any CPU
	EndGlobalSection
	GlobalSection(SolutionProperties) = preSolution
		HideSolutionNode = FALSE
	EndGlobalSection
	GlobalSection(ExtensibilityGlobals) = postSolution
		SolutionGuid = {494B7FFE-55A7-4EF5-B726-7497B3EAD25B}
	EndGlobalSection
EndGlobal
