
Microsoft Visual Studio Solution File, Format Version 12.00
# Visual Studio 15
VisualStudioVersion = 15.0.28307.1062
MinimumVisualStudioVersion = 10.0.40219.1
Project("{FAE04EC0-301F-11D3-BF4B-00C04F79EFBC}") = "UrlsAndRoutes", "UrlsAndRoutes\UrlsAndRoutes.csproj", "{84BA9366-D0E6-49F5-B83F-1BBFAA7F23A0}"
EndProject
Global
	GlobalSection(SolutionConfigurationPlatforms) = preSolution
		Debug|Any CPU = Debug|Any CPU
		Release|Any CPU = Release|Any CPU
	EndGlobalSection
	GlobalSection(ProjectConfigurationPlatforms) = postSolution
		{84BA9366-D0E6-49F5-B83F-1BBFAA7F23A0}.Debug|Any CPU.ActiveCfg = Debug|Any CPU
		{84BA9366-D0E6-49F5-B83F-1BBFAA7F23A0}.Debug|Any CPU.Build.0 = Debug|Any CPU
		{84BA9366-D0E6-49F5-B83F-1BBFAA7F23A0}.Release|Any CPU.ActiveCfg = Release|Any CPU
		{84BA9366-D0E6-49F5-B83F-1BBFAA7F23A0}.Release|Any CPU.Build.0 = Release|Any CPU
	EndGlobalSection
	GlobalSection(SolutionProperties) = preSolution
		HideSolutionNode = FALSE
	EndGlobalSection
	GlobalSection(ExtensibilityGlobals) = postSolution
		SolutionGuid = {B0A1DC13-0F2C-4457-B75E-30E775984750}
	EndGlobalSection
EndGlobal
