
Microsoft Visual Studio Solution File, Format Version 12.00
# Visual Studio 15
VisualStudioVersion = 15.0.28307.1062
MinimumVisualStudioVersion = 10.0.40219.1
Project("{FAE04EC0-301F-11D3-BF4B-00C04F79EFBC}") = "PartyInvites", "PartyInvites\PartyInvites.csproj", "{2FCAE355-68D7-4E8E-AAC7-E279E78E50BA}"
EndProject
Global
	GlobalSection(SolutionConfigurationPlatforms) = preSolution
		Debug|Any CPU = Debug|Any CPU
		Release|Any CPU = Release|Any CPU
	EndGlobalSection
	GlobalSection(ProjectConfigurationPlatforms) = postSolution
		{2FCAE355-68D7-4E8E-AAC7-E279E78E50BA}.Debug|Any CPU.ActiveCfg = Debug|Any CPU
		{2FCAE355-68D7-4E8E-AAC7-E279E78E50BA}.Debug|Any CPU.Build.0 = Debug|Any CPU
		{2FCAE355-68D7-4E8E-AAC7-E279E78E50BA}.Release|Any CPU.ActiveCfg = Release|Any CPU
		{2FCAE355-68D7-4E8E-AAC7-E279E78E50BA}.Release|Any CPU.Build.0 = Release|Any CPU
	EndGlobalSection
	GlobalSection(SolutionProperties) = preSolution
		HideSolutionNode = FALSE
	EndGlobalSection
	GlobalSection(ExtensibilityGlobals) = postSolution
		SolutionGuid = {E3FB674D-859C-4D61-8A53-A6651660A93D}
	EndGlobalSection
EndGlobal
